// !$*UTF8*$!
{
	archiveVersion = 1;
	classes = {
	};
	objectVersion = 46;
	objects = {

/* Begin PBXBuildFile section */
		6941264E1E72DF8C005312DE /* ProductViewController.swift in Sources */ = {isa = PBXBuildFile; fileRef = 6941264B1E72DF8C005312DE /* ProductViewController.swift */; };
		6941264F1E72DF8C005312DE /* ProductViewHeader.swift in Sources */ = {isa = PBXBuildFile; fileRef = 6941264C1E72DF8C005312DE /* ProductViewHeader.swift */; };
		694126501E72DF8C005312DE /* ProductViewTableViewCell.swift in Sources */ = {isa = PBXBuildFile; fileRef = 6941264D1E72DF8C005312DE /* ProductViewTableViewCell.swift */; };
		AFFE28E7E7D6492E748DD7EB /* Pods_Crafty.framework in Frameworks */ = {isa = PBXBuildFile; fileRef = 794FA598A54CF51C6657701E /* Pods_Crafty.framework */; };
		BF130FB31E58075100461C6D /* SubmitProductController+Handler.swift in Sources */ = {isa = PBXBuildFile; fileRef = BF130FB21E58075100461C6D /* SubmitProductController+Handler.swift */; };
		BF130FBA1E58103600461C6D /* ItemViewController.swift in Sources */ = {isa = PBXBuildFile; fileRef = BF130FB91E58103600461C6D /* ItemViewController.swift */; };
		BF130FBD1E58107200461C6D /* DeliveryViewController.swift in Sources */ = {isa = PBXBuildFile; fileRef = BF130FBC1E58107200461C6D /* DeliveryViewController.swift */; };
		BF130FC01E58185600461C6D /* BaseViewController.swift in Sources */ = {isa = PBXBuildFile; fileRef = BF130FBF1E58185600461C6D /* BaseViewController.swift */; };
		BF2AC70E1E44978D00F92281 /* SubmitProductViewController.swift in Sources */ = {isa = PBXBuildFile; fileRef = BF2AC70D1E44978D00F92281 /* SubmitProductViewController.swift */; };
		BF2AC7111E4497A700F92281 /* Product.swift in Sources */ = {isa = PBXBuildFile; fileRef = BF2AC7101E4497A700F92281 /* Product.swift */; };
		BF304B0E1E56BF910069E36D /* UINavigationBar.swift in Sources */ = {isa = PBXBuildFile; fileRef = BF304B0D1E56BF910069E36D /* UINavigationBar.swift */; };
		BF304B111E5720CA0069E36D /* CategoryTableViewCell.swift in Sources */ = {isa = PBXBuildFile; fileRef = BF304B0F1E5720CA0069E36D /* CategoryTableViewCell.swift */; };
		BF304B121E5720CA0069E36D /* CategoryTableViewCell.xib in Resources */ = {isa = PBXBuildFile; fileRef = BF304B101E5720CA0069E36D /* CategoryTableViewCell.xib */; };
		BF304B381E575B550069E36D /* ItemTableViewCell.swift in Sources */ = {isa = PBXBuildFile; fileRef = BF304B361E575B550069E36D /* ItemTableViewCell.swift */; };
		BF304B391E575B550069E36D /* ItemTableViewCell.xib in Resources */ = {isa = PBXBuildFile; fileRef = BF304B371E575B550069E36D /* ItemTableViewCell.xib */; };
		BF304B3C1E575CD00069E36D /* PriceTableViewCell.swift in Sources */ = {isa = PBXBuildFile; fileRef = BF304B3A1E575CD00069E36D /* PriceTableViewCell.swift */; };
		BF304B3D1E575CD00069E36D /* PriceTableViewCell.xib in Resources */ = {isa = PBXBuildFile; fileRef = BF304B3B1E575CD00069E36D /* PriceTableViewCell.xib */; };
		BF304B401E576F500069E36D /* DeliveryTableViewCell.swift in Sources */ = {isa = PBXBuildFile; fileRef = BF304B3E1E576F500069E36D /* DeliveryTableViewCell.swift */; };
		BF304B411E576F500069E36D /* DeliveryTableViewCell.xib in Resources */ = {isa = PBXBuildFile; fileRef = BF304B3F1E576F500069E36D /* DeliveryTableViewCell.xib */; };
		BF3938E61E6C17990075B2A5 /* DemoCell.swift in Sources */ = {isa = PBXBuildFile; fileRef = BF3938E41E6C17990075B2A5 /* DemoCell.swift */; };
		BF3938E71E6C17990075B2A5 /* DemoCell.xib in Resources */ = {isa = PBXBuildFile; fileRef = BF3938E51E6C17990075B2A5 /* DemoCell.xib */; };
		BF3938E91E6D0FD60075B2A5 /* ListProductsDelegate+Handler.swift in Sources */ = {isa = PBXBuildFile; fileRef = BF3938E81E6D0FD60075B2A5 /* ListProductsDelegate+Handler.swift */; };
		BF3938EB1E6D14B50075B2A5 /* BaseCellWithShadow.swift in Sources */ = {isa = PBXBuildFile; fileRef = BF3938EA1E6D14B50075B2A5 /* BaseCellWithShadow.swift */; };
		BF6F5DD91E6FFC94005EBAD2 /* SetupNavBar.swift in Sources */ = {isa = PBXBuildFile; fileRef = BF6F5DD81E6FFC94005EBAD2 /* SetupNavBar.swift */; };
		BF6F5DDC1E700D5C005EBAD2 /* HADropDown.swift in Sources */ = {isa = PBXBuildFile; fileRef = BF6F5DDB1E700D5C005EBAD2 /* HADropDown.swift */; };
		BF6F5DDF1E7318F0005EBAD2 /* FeedCell.swift in Sources */ = {isa = PBXBuildFile; fileRef = BF6F5DDD1E7318F0005EBAD2 /* FeedCell.swift */; };
		BF6F5DE01E7318F0005EBAD2 /* FeedCell.xib in Resources */ = {isa = PBXBuildFile; fileRef = BF6F5DDE1E7318F0005EBAD2 /* FeedCell.xib */; };
		BF6F5DE31E732172005EBAD2 /* AccountCategoryDataSource.swift in Sources */ = {isa = PBXBuildFile; fileRef = BF6F5DE21E732172005EBAD2 /* AccountCategoryDataSource.swift */; };
		BF6F5DE61E7322DF005EBAD2 /* AccountCategoryCell.swift in Sources */ = {isa = PBXBuildFile; fileRef = BF6F5DE41E7322DF005EBAD2 /* AccountCategoryCell.swift */; };
		BF6F5DE71E7322DF005EBAD2 /* AccountCategoryCell.xib in Resources */ = {isa = PBXBuildFile; fileRef = BF6F5DE51E7322DF005EBAD2 /* AccountCategoryCell.xib */; };
		BF6F5DEA1E735632005EBAD2 /* FeedViewController.swift in Sources */ = {isa = PBXBuildFile; fileRef = BF6F5DE91E735632005EBAD2 /* FeedViewController.swift */; };
		BF6F5DED1E73575A005EBAD2 /* FeedDataSource.swift in Sources */ = {isa = PBXBuildFile; fileRef = BF6F5DEC1E73575A005EBAD2 /* FeedDataSource.swift */; };
		BF6F5DEF1E7358F4005EBAD2 /* FeedDelegate+Handler.swift in Sources */ = {isa = PBXBuildFile; fileRef = BF6F5DEE1E7358F4005EBAD2 /* FeedDelegate+Handler.swift */; };
		BF6F5DF11E7365DE005EBAD2 /* String.swift in Sources */ = {isa = PBXBuildFile; fileRef = BF6F5DF01E7365DE005EBAD2 /* String.swift */; };
		BF776B0C1E654D9B005D64FE /* LocationTableViewCell.swift in Sources */ = {isa = PBXBuildFile; fileRef = BF776B0A1E654D9B005D64FE /* LocationTableViewCell.swift */; };
		BF776B0D1E654D9B005D64FE /* LocationTableViewCell.xib in Resources */ = {isa = PBXBuildFile; fileRef = BF776B0B1E654D9B005D64FE /* LocationTableViewCell.xib */; };
		BF776B191E65B3CF005D64FE /* NibLoadableView.swift in Sources */ = {isa = PBXBuildFile; fileRef = BF776B161E65B3CF005D64FE /* NibLoadableView.swift */; };
		BF776B1A1E65B3CF005D64FE /* ReusableView.swift in Sources */ = {isa = PBXBuildFile; fileRef = BF776B171E65B3CF005D64FE /* ReusableView.swift */; };
		BF776B1B1E65B3CF005D64FE /* UITableView.swift in Sources */ = {isa = PBXBuildFile; fileRef = BF776B181E65B3CF005D64FE /* UITableView.swift */; };
		BF776B1D1E65B857005D64FE /* UICollectionView.swift in Sources */ = {isa = PBXBuildFile; fileRef = BF776B1C1E65B857005D64FE /* UICollectionView.swift */; };
		BF776B201E65C97B005D64FE /* HighlightCollectionViewCell.swift in Sources */ = {isa = PBXBuildFile; fileRef = BF776B1E1E65C97B005D64FE /* HighlightCollectionViewCell.swift */; };
		BF776B211E65C97B005D64FE /* HighlightCollectionViewCell.xib in Resources */ = {isa = PBXBuildFile; fileRef = BF776B1F1E65C97B005D64FE /* HighlightCollectionViewCell.xib */; };
		BF776B231E65D0A1005D64FE /* HighlightLayout.swift in Sources */ = {isa = PBXBuildFile; fileRef = BF776B221E65D0A1005D64FE /* HighlightLayout.swift */; };
		BF7DA6731E41C0EC0064C000 /* AppDelegate.swift in Sources */ = {isa = PBXBuildFile; fileRef = BF7DA6721E41C0EC0064C000 /* AppDelegate.swift */; };
		BF7DA6781E41C0EC0064C000 /* Main.storyboard in Resources */ = {isa = PBXBuildFile; fileRef = BF7DA6761E41C0EC0064C000 /* Main.storyboard */; };
		BF7DA67A1E41C0EC0064C000 /* Assets.xcassets in Resources */ = {isa = PBXBuildFile; fileRef = BF7DA6791E41C0EC0064C000 /* Assets.xcassets */; };
		BF7DA67D1E41C0EC0064C000 /* LaunchScreen.storyboard in Resources */ = {isa = PBXBuildFile; fileRef = BF7DA67B1E41C0EC0064C000 /* LaunchScreen.storyboard */; };
		BF7DA68B1E41C47C0064C000 /* Brusher.ttf in Resources */ = {isa = PBXBuildFile; fileRef = BF7DA68A1E41C47C0064C000 /* Brusher.ttf */; };
		BF7DA6B31E41C4C50064C000 /* Lato-Black.ttf in Resources */ = {isa = PBXBuildFile; fileRef = BF7DA6901E41C4C50064C000 /* Lato-Black.ttf */; };
		BF7DA6B41E41C4C50064C000 /* Lato-BlackItalic.ttf in Resources */ = {isa = PBXBuildFile; fileRef = BF7DA6921E41C4C50064C000 /* Lato-BlackItalic.ttf */; };
		BF7DA6B51E41C4C50064C000 /* Lato-Bold.ttf in Resources */ = {isa = PBXBuildFile; fileRef = BF7DA6941E41C4C50064C000 /* Lato-Bold.ttf */; };
		BF7DA6B61E41C4C50064C000 /* Lato-BoldItalic.ttf in Resources */ = {isa = PBXBuildFile; fileRef = BF7DA6961E41C4C50064C000 /* Lato-BoldItalic.ttf */; };
		BF7DA6B71E41C4C50064C000 /* Lato-Hairline.ttf in Resources */ = {isa = PBXBuildFile; fileRef = BF7DA6981E41C4C50064C000 /* Lato-Hairline.ttf */; };
		BF7DA6B81E41C4C50064C000 /* Lato-HairlineItalic.ttf in Resources */ = {isa = PBXBuildFile; fileRef = BF7DA69A1E41C4C50064C000 /* Lato-HairlineItalic.ttf */; };
		BF7DA6B91E41C4C50064C000 /* Lato-Heavy.ttf in Resources */ = {isa = PBXBuildFile; fileRef = BF7DA69C1E41C4C50064C000 /* Lato-Heavy.ttf */; };
		BF7DA6BA1E41C4C50064C000 /* Lato-HeavyItalic.ttf in Resources */ = {isa = PBXBuildFile; fileRef = BF7DA69E1E41C4C50064C000 /* Lato-HeavyItalic.ttf */; };
		BF7DA6BB1E41C4C50064C000 /* Lato-Italic.ttf in Resources */ = {isa = PBXBuildFile; fileRef = BF7DA6A01E41C4C50064C000 /* Lato-Italic.ttf */; };
		BF7DA6BC1E41C4C50064C000 /* Lato-Light.ttf in Resources */ = {isa = PBXBuildFile; fileRef = BF7DA6A21E41C4C50064C000 /* Lato-Light.ttf */; };
		BF7DA6BD1E41C4C50064C000 /* Lato-LightItalic.ttf in Resources */ = {isa = PBXBuildFile; fileRef = BF7DA6A41E41C4C50064C000 /* Lato-LightItalic.ttf */; };
		BF7DA6BE1E41C4C50064C000 /* Lato-Medium.ttf in Resources */ = {isa = PBXBuildFile; fileRef = BF7DA6A61E41C4C50064C000 /* Lato-Medium.ttf */; };
		BF7DA6BF1E41C4C50064C000 /* Lato-MediumItalic.ttf in Resources */ = {isa = PBXBuildFile; fileRef = BF7DA6A81E41C4C50064C000 /* Lato-MediumItalic.ttf */; };
		BF7DA6C01E41C4C50064C000 /* Lato-Regular.ttf in Resources */ = {isa = PBXBuildFile; fileRef = BF7DA6AA1E41C4C50064C000 /* Lato-Regular.ttf */; };
		BF7DA6C11E41C4C50064C000 /* Lato-Semibold.ttf in Resources */ = {isa = PBXBuildFile; fileRef = BF7DA6AC1E41C4C50064C000 /* Lato-Semibold.ttf */; };
		BF7DA6C21E41C4C50064C000 /* Lato-SemiboldItalic.ttf in Resources */ = {isa = PBXBuildFile; fileRef = BF7DA6AE1E41C4C50064C000 /* Lato-SemiboldItalic.ttf */; };
		BF7DA6C31E41C4C50064C000 /* Lato-Thin.ttf in Resources */ = {isa = PBXBuildFile; fileRef = BF7DA6B01E41C4C50064C000 /* Lato-Thin.ttf */; };
		BF7DA6C41E41C4C50064C000 /* Lato-ThinItalic.ttf in Resources */ = {isa = PBXBuildFile; fileRef = BF7DA6B21E41C4C50064C000 /* Lato-ThinItalic.ttf */; };
		BF7DA6C61E41C71D0064C000 /* UIView.swift in Sources */ = {isa = PBXBuildFile; fileRef = BF7DA6C51E41C71D0064C000 /* UIView.swift */; };
		BF7DA6C81E41CDFA0064C000 /* CustomTextField.swift in Sources */ = {isa = PBXBuildFile; fileRef = BF7DA6C71E41CDFA0064C000 /* CustomTextField.swift */; };
		BF7DA6CF1E420BEE0064C000 /* RegisterViewController.swift in Sources */ = {isa = PBXBuildFile; fileRef = BF7DA6CE1E420BEE0064C000 /* RegisterViewController.swift */; };
		BF7DA6D11E42164C0064C000 /* UITextField.swift in Sources */ = {isa = PBXBuildFile; fileRef = BF7DA6D01E42164C0064C000 /* UITextField.swift */; };
		BF7E1BEF1E4E0A3600390BF3 /* data10.json in Resources */ = {isa = PBXBuildFile; fileRef = BF7E1BEE1E4E0A3600390BF3 /* data10.json */; };
		BF7E1BF11E4E0E4800390BF3 /* bach.storyboard in Resources */ = {isa = PBXBuildFile; fileRef = BF7E1BF01E4E0E4800390BF3 /* bach.storyboard */; };
		BF86D5B41E4B041500C4F492 /* CategoryContainerCell.swift in Sources */ = {isa = PBXBuildFile; fileRef = BF86D5B21E4B041500C4F492 /* CategoryContainerCell.swift */; };
		BF86D5B51E4B041500C4F492 /* CategoryContainerCell.xib in Resources */ = {isa = PBXBuildFile; fileRef = BF86D5B31E4B041500C4F492 /* CategoryContainerCell.xib */; };
		BF86D5B71E4B091C00C4F492 /* CategoryDetailCollectionView.swift in Sources */ = {isa = PBXBuildFile; fileRef = BF86D5B61E4B091C00C4F492 /* CategoryDetailCollectionView.swift */; };
		BF86D5BC1E4B0AD700C4F492 /* CategoryDetailCell.swift in Sources */ = {isa = PBXBuildFile; fileRef = BF86D5BA1E4B0AD700C4F492 /* CategoryDetailCell.swift */; };
		BF86D5BD1E4B0AD700C4F492 /* CategoryDetailCell.xib in Resources */ = {isa = PBXBuildFile; fileRef = BF86D5BB1E4B0AD700C4F492 /* CategoryDetailCell.xib */; };
		BF9CDDAE1E4D82EC006B2392 /* forward.json in Resources */ = {isa = PBXBuildFile; fileRef = BF9CDDAD1E4D82EC006B2392 /* forward.json */; };
		BF9E288C1E484F0F00A23E55 /* Constant.swift in Sources */ = {isa = PBXBuildFile; fileRef = BF9E288B1E484F0F00A23E55 /* Constant.swift */; };
		BF9E288E1E4855F600A23E55 /* CategoryViewController.swift in Sources */ = {isa = PBXBuildFile; fileRef = BF9E288D1E4855F600A23E55 /* CategoryViewController.swift */; };
		BF9E28901E48574F00A23E55 /* CategoryDataSource.swift in Sources */ = {isa = PBXBuildFile; fileRef = BF9E288F1E48574F00A23E55 /* CategoryDataSource.swift */; };
		BFA346D81E5D714F00DD186E /* SubmitProductImageView.swift in Sources */ = {isa = PBXBuildFile; fileRef = BFA346D71E5D714F00DD186E /* SubmitProductImageView.swift */; };
		BFA346DB1E5D78A700DD186E /* CustomNavigationController.swift in Sources */ = {isa = PBXBuildFile; fileRef = BFA346DA1E5D78A700DD186E /* CustomNavigationController.swift */; };
		BFA346DD1E5D7BA600DD186E /* FirebaseManager.swift in Sources */ = {isa = PBXBuildFile; fileRef = BFA346DC1E5D7BA600DD186E /* FirebaseManager.swift */; };
		BFD14E181E472A960063136E /* HomeViewController.swift in Sources */ = {isa = PBXBuildFile; fileRef = BFD14E171E472A960063136E /* HomeViewController.swift */; };
		BFD14E201E4777A40063136E /* SubmitProductDataSource.swift in Sources */ = {isa = PBXBuildFile; fileRef = BFD14E1F1E4777A40063136E /* SubmitProductDataSource.swift */; };
		BFD17B3E1E438D7900372B5E /* GoogleService-Info.plist in Resources */ = {isa = PBXBuildFile; fileRef = BFD17B3D1E438D7900372B5E /* GoogleService-Info.plist */; };
		BFDB2C561E4393730098A0AE /* RegisterController+Handler.swift in Sources */ = {isa = PBXBuildFile; fileRef = BFDB2C551E4393730098A0AE /* RegisterController+Handler.swift */; };
		BFDB2C581E4398AB0098A0AE /* User.swift in Sources */ = {isa = PBXBuildFile; fileRef = BFDB2C571E4398AB0098A0AE /* User.swift */; };
		BFEFB4841E64821700A28CC1 /* PinJump.json in Resources */ = {isa = PBXBuildFile; fileRef = BFEFB4831E64821700A28CC1 /* PinJump.json */; };
		BFEFB4861E648EEE00A28CC1 /* DeliveryDataSource.swift in Sources */ = {isa = PBXBuildFile; fileRef = BFEFB4851E648EEE00A28CC1 /* DeliveryDataSource.swift */; };
		BFF295E71E66682900F0287F /* CGSize.swift in Sources */ = {isa = PBXBuildFile; fileRef = BFF295E61E66682900F0287F /* CGSize.swift */; };
		BFF295E91E66683700F0287F /* CGPoint.swift in Sources */ = {isa = PBXBuildFile; fileRef = BFF295E81E66683700F0287F /* CGPoint.swift */; };
		BFF295ED1E66737900F0287F /* HighlightCollectionView.swift in Sources */ = {isa = PBXBuildFile; fileRef = BFF295EC1E66737900F0287F /* HighlightCollectionView.swift */; };
		BFF295F11E6676D500F0287F /* HightlightPhotoCell.swift in Sources */ = {isa = PBXBuildFile; fileRef = BFF295EF1E6676D500F0287F /* HightlightPhotoCell.swift */; };
		BFF295F21E6676D500F0287F /* HightlightPhotoCell.xib in Resources */ = {isa = PBXBuildFile; fileRef = BFF295F01E6676D500F0287F /* HightlightPhotoCell.xib */; };
		BFF295F41E66781D00F0287F /* HomeDatasource.swift in Sources */ = {isa = PBXBuildFile; fileRef = BFF295F31E66781D00F0287F /* HomeDatasource.swift */; };
		BFF296191E66E4F100F0287F /* PagingViewController.swift in Sources */ = {isa = PBXBuildFile; fileRef = BFF296181E66E4F100F0287F /* PagingViewController.swift */; };
		BFF2961B1E66ECDD00F0287F /* RecommendationViewController.swift in Sources */ = {isa = PBXBuildFile; fileRef = BFF2961A1E66ECDD00F0287F /* RecommendationViewController.swift */; };
		BFF2961D1E66ED2000F0287F /* LastUpdatedViewController.swift in Sources */ = {isa = PBXBuildFile; fileRef = BFF2961C1E66ED2000F0287F /* LastUpdatedViewController.swift */; };
		BFF296211E66F60400F0287F /* HomeCategoryCell.swift in Sources */ = {isa = PBXBuildFile; fileRef = BFF2961F1E66F60400F0287F /* HomeCategoryCell.swift */; };
		BFF296221E66F60400F0287F /* HomeCategoryCell.xib in Resources */ = {isa = PBXBuildFile; fileRef = BFF296201E66F60400F0287F /* HomeCategoryCell.xib */; };
		BFF296281E66F78A00F0287F /* SectionLabelCell.swift in Sources */ = {isa = PBXBuildFile; fileRef = BFF296261E66F78A00F0287F /* SectionLabelCell.swift */; };
		BFF296291E66F78A00F0287F /* SectionLabelCell.xib in Resources */ = {isa = PBXBuildFile; fileRef = BFF296271E66F78A00F0287F /* SectionLabelCell.xib */; };
		BFF2962C1E67D11700F0287F /* ProductCell.swift in Sources */ = {isa = PBXBuildFile; fileRef = BFF2962A1E67D11700F0287F /* ProductCell.swift */; };
		BFF2962D1E67D11700F0287F /* ProductCell.xib in Resources */ = {isa = PBXBuildFile; fileRef = BFF2962B1E67D11700F0287F /* ProductCell.xib */; };
		BFF2962F1E684CCA00F0287F /* AccountViewController.swift in Sources */ = {isa = PBXBuildFile; fileRef = BFF2962E1E684CCA00F0287F /* AccountViewController.swift */; };
		BFF296321E684CE200F0287F /* AccountDataSource.swift in Sources */ = {isa = PBXBuildFile; fileRef = BFF296311E684CE200F0287F /* AccountDataSource.swift */; };
		BFF296381E6853DA00F0287F /* LocationManager.swift in Sources */ = {isa = PBXBuildFile; fileRef = BFF296371E6853DA00F0287F /* LocationManager.swift */; };
		BFF2963A1E685A4700F0287F /* AccountController+Handler.swift in Sources */ = {isa = PBXBuildFile; fileRef = BFF296391E685A4700F0287F /* AccountController+Handler.swift */; };
		BFF2963C1E68650D00F0287F /* HomeDelegate+Handler.swift in Sources */ = {isa = PBXBuildFile; fileRef = BFF2963B1E68650D00F0287F /* HomeDelegate+Handler.swift */; };
		BFF2963E1E68658D00F0287F /* ListProductsViewController.swift in Sources */ = {isa = PBXBuildFile; fileRef = BFF2963D1E68658D00F0287F /* ListProductsViewController.swift */; };
		BFF296411E6865BA00F0287F /* ListProductsDataSource.swift in Sources */ = {isa = PBXBuildFile; fileRef = BFF296401E6865BA00F0287F /* ListProductsDataSource.swift */; };
/* End PBXBuildFile section */

/* Begin PBXFileReference section */
		55931AD3D250B89004A8E50B /* Pods-Crafty.release.xcconfig */ = {isa = PBXFileReference; includeInIndex = 1; lastKnownFileType = text.xcconfig; name = "Pods-Crafty.release.xcconfig"; path = "Pods/Target Support Files/Pods-Crafty/Pods-Crafty.release.xcconfig"; sourceTree = "<group>"; };
		6941264B1E72DF8C005312DE /* ProductViewController.swift */ = {isa = PBXFileReference; fileEncoding = 4; lastKnownFileType = sourcecode.swift; path = ProductViewController.swift; sourceTree = "<group>"; };
		6941264C1E72DF8C005312DE /* ProductViewHeader.swift */ = {isa = PBXFileReference; fileEncoding = 4; lastKnownFileType = sourcecode.swift; path = ProductViewHeader.swift; sourceTree = "<group>"; };
		6941264D1E72DF8C005312DE /* ProductViewTableViewCell.swift */ = {isa = PBXFileReference; fileEncoding = 4; lastKnownFileType = sourcecode.swift; path = ProductViewTableViewCell.swift; sourceTree = "<group>"; };
		794FA598A54CF51C6657701E /* Pods_Crafty.framework */ = {isa = PBXFileReference; explicitFileType = wrapper.framework; includeInIndex = 0; path = Pods_Crafty.framework; sourceTree = BUILT_PRODUCTS_DIR; };
		BF130FB21E58075100461C6D /* SubmitProductController+Handler.swift */ = {isa = PBXFileReference; fileEncoding = 4; lastKnownFileType = sourcecode.swift; path = "SubmitProductController+Handler.swift"; sourceTree = "<group>"; };
		BF130FB91E58103600461C6D /* ItemViewController.swift */ = {isa = PBXFileReference; fileEncoding = 4; lastKnownFileType = sourcecode.swift; path = ItemViewController.swift; sourceTree = "<group>"; };
		BF130FBC1E58107200461C6D /* DeliveryViewController.swift */ = {isa = PBXFileReference; fileEncoding = 4; lastKnownFileType = sourcecode.swift; path = DeliveryViewController.swift; sourceTree = "<group>"; };
		BF130FBF1E58185600461C6D /* BaseViewController.swift */ = {isa = PBXFileReference; fileEncoding = 4; lastKnownFileType = sourcecode.swift; path = BaseViewController.swift; sourceTree = "<group>"; };
		BF2AC70D1E44978D00F92281 /* SubmitProductViewController.swift */ = {isa = PBXFileReference; fileEncoding = 4; lastKnownFileType = sourcecode.swift; path = SubmitProductViewController.swift; sourceTree = "<group>"; };
		BF2AC7101E4497A700F92281 /* Product.swift */ = {isa = PBXFileReference; fileEncoding = 4; lastKnownFileType = sourcecode.swift; path = Product.swift; sourceTree = "<group>"; };
		BF304B0D1E56BF910069E36D /* UINavigationBar.swift */ = {isa = PBXFileReference; fileEncoding = 4; lastKnownFileType = sourcecode.swift; path = UINavigationBar.swift; sourceTree = "<group>"; };
		BF304B0F1E5720CA0069E36D /* CategoryTableViewCell.swift */ = {isa = PBXFileReference; fileEncoding = 4; lastKnownFileType = sourcecode.swift; path = CategoryTableViewCell.swift; sourceTree = "<group>"; };
		BF304B101E5720CA0069E36D /* CategoryTableViewCell.xib */ = {isa = PBXFileReference; fileEncoding = 4; lastKnownFileType = file.xib; path = CategoryTableViewCell.xib; sourceTree = "<group>"; };
		BF304B361E575B550069E36D /* ItemTableViewCell.swift */ = {isa = PBXFileReference; fileEncoding = 4; lastKnownFileType = sourcecode.swift; path = ItemTableViewCell.swift; sourceTree = "<group>"; };
		BF304B371E575B550069E36D /* ItemTableViewCell.xib */ = {isa = PBXFileReference; fileEncoding = 4; lastKnownFileType = file.xib; path = ItemTableViewCell.xib; sourceTree = "<group>"; };
		BF304B3A1E575CD00069E36D /* PriceTableViewCell.swift */ = {isa = PBXFileReference; fileEncoding = 4; lastKnownFileType = sourcecode.swift; path = PriceTableViewCell.swift; sourceTree = "<group>"; };
		BF304B3B1E575CD00069E36D /* PriceTableViewCell.xib */ = {isa = PBXFileReference; fileEncoding = 4; lastKnownFileType = file.xib; path = PriceTableViewCell.xib; sourceTree = "<group>"; };
		BF304B3E1E576F500069E36D /* DeliveryTableViewCell.swift */ = {isa = PBXFileReference; fileEncoding = 4; lastKnownFileType = sourcecode.swift; path = DeliveryTableViewCell.swift; sourceTree = "<group>"; };
		BF304B3F1E576F500069E36D /* DeliveryTableViewCell.xib */ = {isa = PBXFileReference; fileEncoding = 4; lastKnownFileType = file.xib; path = DeliveryTableViewCell.xib; sourceTree = "<group>"; };
		BF3938E41E6C17990075B2A5 /* DemoCell.swift */ = {isa = PBXFileReference; fileEncoding = 4; lastKnownFileType = sourcecode.swift; path = DemoCell.swift; sourceTree = "<group>"; };
		BF3938E51E6C17990075B2A5 /* DemoCell.xib */ = {isa = PBXFileReference; fileEncoding = 4; lastKnownFileType = file.xib; path = DemoCell.xib; sourceTree = "<group>"; };
		BF3938E81E6D0FD60075B2A5 /* ListProductsDelegate+Handler.swift */ = {isa = PBXFileReference; fileEncoding = 4; lastKnownFileType = sourcecode.swift; path = "ListProductsDelegate+Handler.swift"; sourceTree = "<group>"; };
		BF3938EA1E6D14B50075B2A5 /* BaseCellWithShadow.swift */ = {isa = PBXFileReference; fileEncoding = 4; lastKnownFileType = sourcecode.swift; path = BaseCellWithShadow.swift; sourceTree = "<group>"; };
		BF6F5DD81E6FFC94005EBAD2 /* SetupNavBar.swift */ = {isa = PBXFileReference; fileEncoding = 4; lastKnownFileType = sourcecode.swift; path = SetupNavBar.swift; sourceTree = "<group>"; };
		BF6F5DDB1E700D5C005EBAD2 /* HADropDown.swift */ = {isa = PBXFileReference; fileEncoding = 4; lastKnownFileType = sourcecode.swift; path = HADropDown.swift; sourceTree = "<group>"; };
		BF6F5DDD1E7318F0005EBAD2 /* FeedCell.swift */ = {isa = PBXFileReference; fileEncoding = 4; lastKnownFileType = sourcecode.swift; path = FeedCell.swift; sourceTree = "<group>"; };
		BF6F5DDE1E7318F0005EBAD2 /* FeedCell.xib */ = {isa = PBXFileReference; fileEncoding = 4; lastKnownFileType = file.xib; path = FeedCell.xib; sourceTree = "<group>"; };
		BF6F5DE21E732172005EBAD2 /* AccountCategoryDataSource.swift */ = {isa = PBXFileReference; fileEncoding = 4; lastKnownFileType = sourcecode.swift; path = AccountCategoryDataSource.swift; sourceTree = "<group>"; };
		BF6F5DE41E7322DF005EBAD2 /* AccountCategoryCell.swift */ = {isa = PBXFileReference; fileEncoding = 4; lastKnownFileType = sourcecode.swift; path = AccountCategoryCell.swift; sourceTree = "<group>"; };
		BF6F5DE51E7322DF005EBAD2 /* AccountCategoryCell.xib */ = {isa = PBXFileReference; fileEncoding = 4; lastKnownFileType = file.xib; path = AccountCategoryCell.xib; sourceTree = "<group>"; };
		BF6F5DE91E735632005EBAD2 /* FeedViewController.swift */ = {isa = PBXFileReference; fileEncoding = 4; lastKnownFileType = sourcecode.swift; path = FeedViewController.swift; sourceTree = "<group>"; };
		BF6F5DEC1E73575A005EBAD2 /* FeedDataSource.swift */ = {isa = PBXFileReference; fileEncoding = 4; lastKnownFileType = sourcecode.swift; path = FeedDataSource.swift; sourceTree = "<group>"; };
		BF6F5DEE1E7358F4005EBAD2 /* FeedDelegate+Handler.swift */ = {isa = PBXFileReference; fileEncoding = 4; lastKnownFileType = sourcecode.swift; path = "FeedDelegate+Handler.swift"; sourceTree = "<group>"; };
		BF6F5DF01E7365DE005EBAD2 /* String.swift */ = {isa = PBXFileReference; fileEncoding = 4; lastKnownFileType = sourcecode.swift; path = String.swift; sourceTree = "<group>"; };
		BF776B0A1E654D9B005D64FE /* LocationTableViewCell.swift */ = {isa = PBXFileReference; fileEncoding = 4; lastKnownFileType = sourcecode.swift; path = LocationTableViewCell.swift; sourceTree = "<group>"; };
		BF776B0B1E654D9B005D64FE /* LocationTableViewCell.xib */ = {isa = PBXFileReference; fileEncoding = 4; lastKnownFileType = file.xib; path = LocationTableViewCell.xib; sourceTree = "<group>"; };
		BF776B161E65B3CF005D64FE /* NibLoadableView.swift */ = {isa = PBXFileReference; fileEncoding = 4; lastKnownFileType = sourcecode.swift; path = NibLoadableView.swift; sourceTree = "<group>"; };
		BF776B171E65B3CF005D64FE /* ReusableView.swift */ = {isa = PBXFileReference; fileEncoding = 4; lastKnownFileType = sourcecode.swift; path = ReusableView.swift; sourceTree = "<group>"; };
		BF776B181E65B3CF005D64FE /* UITableView.swift */ = {isa = PBXFileReference; fileEncoding = 4; lastKnownFileType = sourcecode.swift; path = UITableView.swift; sourceTree = "<group>"; };
		BF776B1C1E65B857005D64FE /* UICollectionView.swift */ = {isa = PBXFileReference; fileEncoding = 4; lastKnownFileType = sourcecode.swift; path = UICollectionView.swift; sourceTree = "<group>"; };
		BF776B1E1E65C97B005D64FE /* HighlightCollectionViewCell.swift */ = {isa = PBXFileReference; fileEncoding = 4; lastKnownFileType = sourcecode.swift; path = HighlightCollectionViewCell.swift; sourceTree = "<group>"; };
		BF776B1F1E65C97B005D64FE /* HighlightCollectionViewCell.xib */ = {isa = PBXFileReference; fileEncoding = 4; lastKnownFileType = file.xib; path = HighlightCollectionViewCell.xib; sourceTree = "<group>"; };
		BF776B221E65D0A1005D64FE /* HighlightLayout.swift */ = {isa = PBXFileReference; fileEncoding = 4; lastKnownFileType = sourcecode.swift; path = HighlightLayout.swift; sourceTree = "<group>"; };
		BF7DA66F1E41C0EC0064C000 /* Crafty.app */ = {isa = PBXFileReference; explicitFileType = wrapper.application; includeInIndex = 0; path = Crafty.app; sourceTree = BUILT_PRODUCTS_DIR; };
		BF7DA6721E41C0EC0064C000 /* AppDelegate.swift */ = {isa = PBXFileReference; lastKnownFileType = sourcecode.swift; path = AppDelegate.swift; sourceTree = "<group>"; };
		BF7DA6771E41C0EC0064C000 /* Base */ = {isa = PBXFileReference; lastKnownFileType = file.storyboard; name = Base; path = Base.lproj/Main.storyboard; sourceTree = "<group>"; };
		BF7DA6791E41C0EC0064C000 /* Assets.xcassets */ = {isa = PBXFileReference; lastKnownFileType = folder.assetcatalog; path = Assets.xcassets; sourceTree = "<group>"; };
		BF7DA67C1E41C0EC0064C000 /* Base */ = {isa = PBXFileReference; lastKnownFileType = file.storyboard; name = Base; path = Base.lproj/LaunchScreen.storyboard; sourceTree = "<group>"; };
		BF7DA67E1E41C0EC0064C000 /* Info.plist */ = {isa = PBXFileReference; lastKnownFileType = text.plist.xml; path = Info.plist; sourceTree = "<group>"; };
		BF7DA68A1E41C47C0064C000 /* Brusher.ttf */ = {isa = PBXFileReference; lastKnownFileType = file; path = Brusher.ttf; sourceTree = "<group>"; };
		BF7DA6901E41C4C50064C000 /* Lato-Black.ttf */ = {isa = PBXFileReference; lastKnownFileType = file; path = "Lato-Black.ttf"; sourceTree = "<group>"; };
		BF7DA6921E41C4C50064C000 /* Lato-BlackItalic.ttf */ = {isa = PBXFileReference; lastKnownFileType = file; path = "Lato-BlackItalic.ttf"; sourceTree = "<group>"; };
		BF7DA6941E41C4C50064C000 /* Lato-Bold.ttf */ = {isa = PBXFileReference; lastKnownFileType = file; path = "Lato-Bold.ttf"; sourceTree = "<group>"; };
		BF7DA6961E41C4C50064C000 /* Lato-BoldItalic.ttf */ = {isa = PBXFileReference; lastKnownFileType = file; path = "Lato-BoldItalic.ttf"; sourceTree = "<group>"; };
		BF7DA6981E41C4C50064C000 /* Lato-Hairline.ttf */ = {isa = PBXFileReference; lastKnownFileType = file; path = "Lato-Hairline.ttf"; sourceTree = "<group>"; };
		BF7DA69A1E41C4C50064C000 /* Lato-HairlineItalic.ttf */ = {isa = PBXFileReference; lastKnownFileType = file; path = "Lato-HairlineItalic.ttf"; sourceTree = "<group>"; };
		BF7DA69C1E41C4C50064C000 /* Lato-Heavy.ttf */ = {isa = PBXFileReference; lastKnownFileType = file; path = "Lato-Heavy.ttf"; sourceTree = "<group>"; };
		BF7DA69E1E41C4C50064C000 /* Lato-HeavyItalic.ttf */ = {isa = PBXFileReference; lastKnownFileType = file; path = "Lato-HeavyItalic.ttf"; sourceTree = "<group>"; };
		BF7DA6A01E41C4C50064C000 /* Lato-Italic.ttf */ = {isa = PBXFileReference; lastKnownFileType = file; path = "Lato-Italic.ttf"; sourceTree = "<group>"; };
		BF7DA6A21E41C4C50064C000 /* Lato-Light.ttf */ = {isa = PBXFileReference; lastKnownFileType = file; path = "Lato-Light.ttf"; sourceTree = "<group>"; };
		BF7DA6A41E41C4C50064C000 /* Lato-LightItalic.ttf */ = {isa = PBXFileReference; lastKnownFileType = file; path = "Lato-LightItalic.ttf"; sourceTree = "<group>"; };
		BF7DA6A61E41C4C50064C000 /* Lato-Medium.ttf */ = {isa = PBXFileReference; lastKnownFileType = file; path = "Lato-Medium.ttf"; sourceTree = "<group>"; };
		BF7DA6A81E41C4C50064C000 /* Lato-MediumItalic.ttf */ = {isa = PBXFileReference; lastKnownFileType = file; path = "Lato-MediumItalic.ttf"; sourceTree = "<group>"; };
		BF7DA6AA1E41C4C50064C000 /* Lato-Regular.ttf */ = {isa = PBXFileReference; lastKnownFileType = file; path = "Lato-Regular.ttf"; sourceTree = "<group>"; };
		BF7DA6AC1E41C4C50064C000 /* Lato-Semibold.ttf */ = {isa = PBXFileReference; lastKnownFileType = file; path = "Lato-Semibold.ttf"; sourceTree = "<group>"; };
		BF7DA6AE1E41C4C50064C000 /* Lato-SemiboldItalic.ttf */ = {isa = PBXFileReference; lastKnownFileType = file; path = "Lato-SemiboldItalic.ttf"; sourceTree = "<group>"; };
		BF7DA6B01E41C4C50064C000 /* Lato-Thin.ttf */ = {isa = PBXFileReference; lastKnownFileType = file; path = "Lato-Thin.ttf"; sourceTree = "<group>"; };
		BF7DA6B21E41C4C50064C000 /* Lato-ThinItalic.ttf */ = {isa = PBXFileReference; lastKnownFileType = file; path = "Lato-ThinItalic.ttf"; sourceTree = "<group>"; };
		BF7DA6C51E41C71D0064C000 /* UIView.swift */ = {isa = PBXFileReference; fileEncoding = 4; lastKnownFileType = sourcecode.swift; path = UIView.swift; sourceTree = "<group>"; };
		BF7DA6C71E41CDFA0064C000 /* CustomTextField.swift */ = {isa = PBXFileReference; fileEncoding = 4; lastKnownFileType = sourcecode.swift; path = CustomTextField.swift; sourceTree = "<group>"; };
		BF7DA6CE1E420BEE0064C000 /* RegisterViewController.swift */ = {isa = PBXFileReference; fileEncoding = 4; lastKnownFileType = sourcecode.swift; path = RegisterViewController.swift; sourceTree = "<group>"; };
		BF7DA6D01E42164C0064C000 /* UITextField.swift */ = {isa = PBXFileReference; fileEncoding = 4; lastKnownFileType = sourcecode.swift; path = UITextField.swift; sourceTree = "<group>"; };
		BF7E1BEE1E4E0A3600390BF3 /* data10.json */ = {isa = PBXFileReference; fileEncoding = 4; lastKnownFileType = text.json; path = data10.json; sourceTree = "<group>"; };
		BF7E1BF01E4E0E4800390BF3 /* bach.storyboard */ = {isa = PBXFileReference; fileEncoding = 4; lastKnownFileType = file.storyboard; path = bach.storyboard; sourceTree = "<group>"; };
		BF86D5B21E4B041500C4F492 /* CategoryContainerCell.swift */ = {isa = PBXFileReference; fileEncoding = 4; lastKnownFileType = sourcecode.swift; path = CategoryContainerCell.swift; sourceTree = "<group>"; };
		BF86D5B31E4B041500C4F492 /* CategoryContainerCell.xib */ = {isa = PBXFileReference; fileEncoding = 4; lastKnownFileType = file.xib; path = CategoryContainerCell.xib; sourceTree = "<group>"; };
		BF86D5B61E4B091C00C4F492 /* CategoryDetailCollectionView.swift */ = {isa = PBXFileReference; fileEncoding = 4; lastKnownFileType = sourcecode.swift; path = CategoryDetailCollectionView.swift; sourceTree = "<group>"; };
		BF86D5BA1E4B0AD700C4F492 /* CategoryDetailCell.swift */ = {isa = PBXFileReference; fileEncoding = 4; lastKnownFileType = sourcecode.swift; path = CategoryDetailCell.swift; sourceTree = "<group>"; };
		BF86D5BB1E4B0AD700C4F492 /* CategoryDetailCell.xib */ = {isa = PBXFileReference; fileEncoding = 4; lastKnownFileType = file.xib; path = CategoryDetailCell.xib; sourceTree = "<group>"; };
		BF9CDDAD1E4D82EC006B2392 /* forward.json */ = {isa = PBXFileReference; fileEncoding = 4; lastKnownFileType = text.json; path = forward.json; sourceTree = "<group>"; };
		BF9E288B1E484F0F00A23E55 /* Constant.swift */ = {isa = PBXFileReference; fileEncoding = 4; lastKnownFileType = sourcecode.swift; path = Constant.swift; sourceTree = "<group>"; };
		BF9E288D1E4855F600A23E55 /* CategoryViewController.swift */ = {isa = PBXFileReference; fileEncoding = 4; lastKnownFileType = sourcecode.swift; path = CategoryViewController.swift; sourceTree = "<group>"; };
		BF9E288F1E48574F00A23E55 /* CategoryDataSource.swift */ = {isa = PBXFileReference; fileEncoding = 4; lastKnownFileType = sourcecode.swift; path = CategoryDataSource.swift; sourceTree = "<group>"; };
		BFA346D71E5D714F00DD186E /* SubmitProductImageView.swift */ = {isa = PBXFileReference; fileEncoding = 4; lastKnownFileType = sourcecode.swift; path = SubmitProductImageView.swift; sourceTree = "<group>"; };
		BFA346DA1E5D78A700DD186E /* CustomNavigationController.swift */ = {isa = PBXFileReference; fileEncoding = 4; lastKnownFileType = sourcecode.swift; path = CustomNavigationController.swift; sourceTree = "<group>"; };
		BFA346DC1E5D7BA600DD186E /* FirebaseManager.swift */ = {isa = PBXFileReference; fileEncoding = 4; lastKnownFileType = sourcecode.swift; path = FirebaseManager.swift; sourceTree = "<group>"; };
		BFD14E171E472A960063136E /* HomeViewController.swift */ = {isa = PBXFileReference; fileEncoding = 4; lastKnownFileType = sourcecode.swift; path = HomeViewController.swift; sourceTree = "<group>"; };
		BFD14E1F1E4777A40063136E /* SubmitProductDataSource.swift */ = {isa = PBXFileReference; fileEncoding = 4; lastKnownFileType = sourcecode.swift; path = SubmitProductDataSource.swift; sourceTree = "<group>"; };
		BFD17B3D1E438D7900372B5E /* GoogleService-Info.plist */ = {isa = PBXFileReference; fileEncoding = 4; lastKnownFileType = text.plist.xml; path = "GoogleService-Info.plist"; sourceTree = "<group>"; };
		BFDB2C551E4393730098A0AE /* RegisterController+Handler.swift */ = {isa = PBXFileReference; fileEncoding = 4; lastKnownFileType = sourcecode.swift; path = "RegisterController+Handler.swift"; sourceTree = "<group>"; };
		BFDB2C571E4398AB0098A0AE /* User.swift */ = {isa = PBXFileReference; fileEncoding = 4; lastKnownFileType = sourcecode.swift; path = User.swift; sourceTree = "<group>"; };
		BFEFB4831E64821700A28CC1 /* PinJump.json */ = {isa = PBXFileReference; fileEncoding = 4; lastKnownFileType = text.json; path = PinJump.json; sourceTree = "<group>"; };
		BFEFB4851E648EEE00A28CC1 /* DeliveryDataSource.swift */ = {isa = PBXFileReference; fileEncoding = 4; lastKnownFileType = sourcecode.swift; path = DeliveryDataSource.swift; sourceTree = "<group>"; };
		BFF295E61E66682900F0287F /* CGSize.swift */ = {isa = PBXFileReference; fileEncoding = 4; lastKnownFileType = sourcecode.swift; path = CGSize.swift; sourceTree = "<group>"; };
		BFF295E81E66683700F0287F /* CGPoint.swift */ = {isa = PBXFileReference; fileEncoding = 4; lastKnownFileType = sourcecode.swift; path = CGPoint.swift; sourceTree = "<group>"; };
		BFF295EC1E66737900F0287F /* HighlightCollectionView.swift */ = {isa = PBXFileReference; fileEncoding = 4; lastKnownFileType = sourcecode.swift; path = HighlightCollectionView.swift; sourceTree = "<group>"; };
		BFF295EF1E6676D500F0287F /* HightlightPhotoCell.swift */ = {isa = PBXFileReference; fileEncoding = 4; lastKnownFileType = sourcecode.swift; path = HightlightPhotoCell.swift; sourceTree = "<group>"; };
		BFF295F01E6676D500F0287F /* HightlightPhotoCell.xib */ = {isa = PBXFileReference; fileEncoding = 4; lastKnownFileType = file.xib; path = HightlightPhotoCell.xib; sourceTree = "<group>"; };
		BFF295F31E66781D00F0287F /* HomeDatasource.swift */ = {isa = PBXFileReference; fileEncoding = 4; lastKnownFileType = sourcecode.swift; path = HomeDatasource.swift; sourceTree = "<group>"; };
		BFF296181E66E4F100F0287F /* PagingViewController.swift */ = {isa = PBXFileReference; fileEncoding = 4; lastKnownFileType = sourcecode.swift; path = PagingViewController.swift; sourceTree = "<group>"; };
		BFF2961A1E66ECDD00F0287F /* RecommendationViewController.swift */ = {isa = PBXFileReference; fileEncoding = 4; lastKnownFileType = sourcecode.swift; path = RecommendationViewController.swift; sourceTree = "<group>"; };
		BFF2961C1E66ED2000F0287F /* LastUpdatedViewController.swift */ = {isa = PBXFileReference; fileEncoding = 4; lastKnownFileType = sourcecode.swift; path = LastUpdatedViewController.swift; sourceTree = "<group>"; };
		BFF2961F1E66F60400F0287F /* HomeCategoryCell.swift */ = {isa = PBXFileReference; fileEncoding = 4; lastKnownFileType = sourcecode.swift; path = HomeCategoryCell.swift; sourceTree = "<group>"; };
		BFF296201E66F60400F0287F /* HomeCategoryCell.xib */ = {isa = PBXFileReference; fileEncoding = 4; lastKnownFileType = file.xib; path = HomeCategoryCell.xib; sourceTree = "<group>"; };
		BFF296261E66F78A00F0287F /* SectionLabelCell.swift */ = {isa = PBXFileReference; fileEncoding = 4; lastKnownFileType = sourcecode.swift; path = SectionLabelCell.swift; sourceTree = "<group>"; };
		BFF296271E66F78A00F0287F /* SectionLabelCell.xib */ = {isa = PBXFileReference; fileEncoding = 4; lastKnownFileType = file.xib; path = SectionLabelCell.xib; sourceTree = "<group>"; };
		BFF2962A1E67D11700F0287F /* ProductCell.swift */ = {isa = PBXFileReference; fileEncoding = 4; lastKnownFileType = sourcecode.swift; path = ProductCell.swift; sourceTree = "<group>"; };
		BFF2962B1E67D11700F0287F /* ProductCell.xib */ = {isa = PBXFileReference; fileEncoding = 4; lastKnownFileType = file.xib; path = ProductCell.xib; sourceTree = "<group>"; };
		BFF2962E1E684CCA00F0287F /* AccountViewController.swift */ = {isa = PBXFileReference; fileEncoding = 4; lastKnownFileType = sourcecode.swift; path = AccountViewController.swift; sourceTree = "<group>"; };
		BFF296311E684CE200F0287F /* AccountDataSource.swift */ = {isa = PBXFileReference; fileEncoding = 4; lastKnownFileType = sourcecode.swift; path = AccountDataSource.swift; sourceTree = "<group>"; };
		BFF296371E6853DA00F0287F /* LocationManager.swift */ = {isa = PBXFileReference; fileEncoding = 4; lastKnownFileType = sourcecode.swift; path = LocationManager.swift; sourceTree = "<group>"; };
		BFF296391E685A4700F0287F /* AccountController+Handler.swift */ = {isa = PBXFileReference; fileEncoding = 4; lastKnownFileType = sourcecode.swift; path = "AccountController+Handler.swift"; sourceTree = "<group>"; };
		BFF2963B1E68650D00F0287F /* HomeDelegate+Handler.swift */ = {isa = PBXFileReference; fileEncoding = 4; lastKnownFileType = sourcecode.swift; path = "HomeDelegate+Handler.swift"; sourceTree = "<group>"; };
		BFF2963D1E68658D00F0287F /* ListProductsViewController.swift */ = {isa = PBXFileReference; fileEncoding = 4; lastKnownFileType = sourcecode.swift; path = ListProductsViewController.swift; sourceTree = "<group>"; };
		BFF296401E6865BA00F0287F /* ListProductsDataSource.swift */ = {isa = PBXFileReference; fileEncoding = 4; lastKnownFileType = sourcecode.swift; path = ListProductsDataSource.swift; sourceTree = "<group>"; };
		E6094982A5B40682093CE388 /* Pods-Crafty.debug.xcconfig */ = {isa = PBXFileReference; includeInIndex = 1; lastKnownFileType = text.xcconfig; name = "Pods-Crafty.debug.xcconfig"; path = "Pods/Target Support Files/Pods-Crafty/Pods-Crafty.debug.xcconfig"; sourceTree = "<group>"; };
/* End PBXFileReference section */

/* Begin PBXFrameworksBuildPhase section */
		BF7DA66C1E41C0EB0064C000 /* Frameworks */ = {
			isa = PBXFrameworksBuildPhase;
			buildActionMask = 2147483647;
			files = (
				AFFE28E7E7D6492E748DD7EB /* Pods_Crafty.framework in Frameworks */,
			);
			runOnlyForDeploymentPostprocessing = 0;
		};
/* End PBXFrameworksBuildPhase section */

/* Begin PBXGroup section */
		66021FB066F29ED886A284D5 /* Frameworks */ = {
			isa = PBXGroup;
			children = (
				794FA598A54CF51C6657701E /* Pods_Crafty.framework */,
			);
			name = Frameworks;
			sourceTree = "<group>";
		};
		6941264A1E72DF77005312DE /* ProductView */ = {
			isa = PBXGroup;
			children = (
				6941264B1E72DF8C005312DE /* ProductViewController.swift */,
				6941264C1E72DF8C005312DE /* ProductViewHeader.swift */,
				6941264D1E72DF8C005312DE /* ProductViewTableViewCell.swift */,
			);
			name = ProductView;
			sourceTree = "<group>";
		};
		BF130FB41E5808F700461C6D /* InsideCategory */ = {
			isa = PBXGroup;
			children = (
				BF86D5B21E4B041500C4F492 /* CategoryContainerCell.swift */,
				BF86D5B31E4B041500C4F492 /* CategoryContainerCell.xib */,
				BF86D5BA1E4B0AD700C4F492 /* CategoryDetailCell.swift */,
				BF86D5BB1E4B0AD700C4F492 /* CategoryDetailCell.xib */,
			);
			name = InsideCategory;
			sourceTree = "<group>";
		};
		BF130FB51E580B4100461C6D /* Submit Product */ = {
			isa = PBXGroup;
			children = (
				BF2AC70D1E44978D00F92281 /* SubmitProductViewController.swift */,
				BFD14E1F1E4777A40063136E /* SubmitProductDataSource.swift */,
				BF130FB21E58075100461C6D /* SubmitProductController+Handler.swift */,
			);
			name = "Submit Product";
			sourceTree = "<group>";
		};
		BF130FB61E580B4A00461C6D /* Register */ = {
			isa = PBXGroup;
			children = (
				BF7DA6CE1E420BEE0064C000 /* RegisterViewController.swift */,
				BFDB2C551E4393730098A0AE /* RegisterController+Handler.swift */,
			);
			name = Register;
			sourceTree = "<group>";
		};
		BF130FB71E580B5400461C6D /* Submit - Category */ = {
			isa = PBXGroup;
			children = (
				BF9E288D1E4855F600A23E55 /* CategoryViewController.swift */,
				BF9E288F1E48574F00A23E55 /* CategoryDataSource.swift */,
			);
			name = "Submit - Category";
			sourceTree = "<group>";
		};
		BF130FB81E580B7800461C6D /* Home */ = {
			isa = PBXGroup;
			children = (
				BFD14E171E472A960063136E /* HomeViewController.swift */,
				BFF295F31E66781D00F0287F /* HomeDatasource.swift */,
				BFF2963B1E68650D00F0287F /* HomeDelegate+Handler.swift */,
				BFF296181E66E4F100F0287F /* PagingViewController.swift */,
				BFF2961A1E66ECDD00F0287F /* RecommendationViewController.swift */,
				BFF2961C1E66ED2000F0287F /* LastUpdatedViewController.swift */,
			);
			name = Home;
			sourceTree = "<group>";
		};
		BF130FBB1E58103F00461C6D /* Submit - Item */ = {
			isa = PBXGroup;
			children = (
				BF130FB91E58103600461C6D /* ItemViewController.swift */,
			);
			name = "Submit - Item";
			sourceTree = "<group>";
		};
		BF130FBE1E58108200461C6D /* Submit - Delivery */ = {
			isa = PBXGroup;
			children = (
				BF130FBC1E58107200461C6D /* DeliveryViewController.swift */,
				BFEFB4851E648EEE00A28CC1 /* DeliveryDataSource.swift */,
			);
			name = "Submit - Delivery";
			sourceTree = "<group>";
		};
		BF2AC70F1E44979800F92281 /* Entitiy */ = {
			isa = PBXGroup;
			children = (
				BFDB2C571E4398AB0098A0AE /* User.swift */,
				BF2AC7101E4497A700F92281 /* Product.swift */,
			);
			name = Entitiy;
			sourceTree = "<group>";
		};
		BF304B0C1E56BF710069E36D /* Utils */ = {
			isa = PBXGroup;
			children = (
				BF9E288B1E484F0F00A23E55 /* Constant.swift */,
				BFF295EB1E66686F00F0287F /* UI Kit */,
				BF776B161E65B3CF005D64FE /* NibLoadableView.swift */,
				BF776B171E65B3CF005D64FE /* ReusableView.swift */,
				BFF295EA1E66685700F0287F /* Core Graphic */,
				BF6F5DDB1E700D5C005EBAD2 /* HADropDown.swift */,
				BF6F5DF01E7365DE005EBAD2 /* String.swift */,
			);
			name = Utils;
			sourceTree = "<group>";
		};
		BF304B351E575B3A0069E36D /* CategoryTableCell */ = {
			isa = PBXGroup;
			children = (
				BF304B0F1E5720CA0069E36D /* CategoryTableViewCell.swift */,
				BF304B101E5720CA0069E36D /* CategoryTableViewCell.xib */,
				BF130FB41E5808F700461C6D /* InsideCategory */,
				BF304B361E575B550069E36D /* ItemTableViewCell.swift */,
				BF304B371E575B550069E36D /* ItemTableViewCell.xib */,
				BF304B3A1E575CD00069E36D /* PriceTableViewCell.swift */,
				BF304B3B1E575CD00069E36D /* PriceTableViewCell.xib */,
				BF304B3E1E576F500069E36D /* DeliveryTableViewCell.swift */,
				BF304B3F1E576F500069E36D /* DeliveryTableViewCell.xib */,
				BF776B0E1E654D9F005D64FE /* InsideDelivery */,
			);
			name = CategoryTableCell;
			sourceTree = "<group>";
		};
		BF3938EC1E6D54EF0075B2A5 /* Product */ = {
			isa = PBXGroup;
			children = (
				BFF2962A1E67D11700F0287F /* ProductCell.swift */,
				BFF2962B1E67D11700F0287F /* ProductCell.xib */,
			);
			name = Product;
			sourceTree = "<group>";
		};
		BF6F5DDA1E6FFC98005EBAD2 /* Protocols */ = {
			isa = PBXGroup;
			children = (
				BF6F5DD81E6FFC94005EBAD2 /* SetupNavBar.swift */,
			);
			name = Protocols;
			sourceTree = "<group>";
		};
		BF6F5DE11E7318F5005EBAD2 /* Feed */ = {
			isa = PBXGroup;
			children = (
				BF6F5DDD1E7318F0005EBAD2 /* FeedCell.swift */,
				BF6F5DDE1E7318F0005EBAD2 /* FeedCell.xib */,
			);
			name = Feed;
			sourceTree = "<group>";
		};
		BF6F5DE81E7322F6005EBAD2 /* Account */ = {
			isa = PBXGroup;
			children = (
				BF6F5DE41E7322DF005EBAD2 /* AccountCategoryCell.swift */,
				BF6F5DE51E7322DF005EBAD2 /* AccountCategoryCell.xib */,
			);
			name = Account;
			sourceTree = "<group>";
		};
		BF6F5DEB1E735740005EBAD2 /* Feed */ = {
			isa = PBXGroup;
			children = (
				BF6F5DE91E735632005EBAD2 /* FeedViewController.swift */,
				BF6F5DEC1E73575A005EBAD2 /* FeedDataSource.swift */,
				BF6F5DEE1E7358F4005EBAD2 /* FeedDelegate+Handler.swift */,
			);
			name = Feed;
			sourceTree = "<group>";
		};
		BF776B0E1E654D9F005D64FE /* InsideDelivery */ = {
			isa = PBXGroup;
			children = (
				BF776B0A1E654D9B005D64FE /* LocationTableViewCell.swift */,
				BF776B0B1E654D9B005D64FE /* LocationTableViewCell.xib */,
			);
			name = InsideDelivery;
			sourceTree = "<group>";
		};
		BF776B151E65B28E005D64FE /* Network */ = {
			isa = PBXGroup;
			children = (
				BFA346DC1E5D7BA600DD186E /* FirebaseManager.swift */,
				BFF296371E6853DA00F0287F /* LocationManager.swift */,
			);
			name = Network;
			sourceTree = "<group>";
		};
		BF7DA6661E41C0EB0064C000 = {
			isa = PBXGroup;
			children = (
				BF7DA6711E41C0EC0064C000 /* Crafty */,
				BF7DA6701E41C0EC0064C000 /* Products */,
				CF35C2AB2641ADBDC3A9D56A /* Pods */,
				66021FB066F29ED886A284D5 /* Frameworks */,
			);
			sourceTree = "<group>";
		};
		BF7DA6701E41C0EC0064C000 /* Products */ = {
			isa = PBXGroup;
			children = (
				BF7DA66F1E41C0EC0064C000 /* Crafty.app */,
			);
			name = Products;
			sourceTree = "<group>";
		};
		BF7DA6711E41C0EC0064C000 /* Crafty */ = {
			isa = PBXGroup;
			children = (
				BF7E1BEE1E4E0A3600390BF3 /* data10.json */,
				BF9CDDAD1E4D82EC006B2392 /* forward.json */,
				BFEFB4831E64821700A28CC1 /* PinJump.json */,
				BF7DA6761E41C0EC0064C000 /* Main.storyboard */,
				BF7E1BF01E4E0E4800390BF3 /* bach.storyboard */,
				BF7DA6791E41C0EC0064C000 /* Assets.xcassets */,
				BF7DA6CB1E41FE300064C000 /* Controller+Datasource */,
				BF7DA6CD1E41FE700064C000 /* Cell */,
				BFA346D91E5D715300DD186E /* View */,
				BF2AC70F1E44979800F92281 /* Entitiy */,
				BF7DA68C1E41C49F0064C000 /* Fonts */,
				BF304B0C1E56BF710069E36D /* Utils */,
				BF7DA6CC1E41FE4E0064C000 /* Supporting Files */,
				BF776B151E65B28E005D64FE /* Network */,
				BFF295EE1E66738300F0287F /* Custom View */,
				BF6F5DDA1E6FFC98005EBAD2 /* Protocols */,
			);
			path = Crafty;
			sourceTree = "<group>";
		};
		BF7DA68C1E41C49F0064C000 /* Fonts */ = {
			isa = PBXGroup;
			children = (
				BF7DA68E1E41C4B20064C000 /* Lato */,
				BF7DA68D1E41C4AC0064C000 /* Brusher */,
			);
			name = Fonts;
			sourceTree = "<group>";
		};
		BF7DA68D1E41C4AC0064C000 /* Brusher */ = {
			isa = PBXGroup;
			children = (
				BF7DA68A1E41C47C0064C000 /* Brusher.ttf */,
			);
			name = Brusher;
			sourceTree = "<group>";
		};
		BF7DA68E1E41C4B20064C000 /* Lato */ = {
			isa = PBXGroup;
			children = (
				BF7DA68F1E41C4C50064C000 /* Lato Black */,
				BF7DA6911E41C4C50064C000 /* Lato Black Italic */,
				BF7DA6931E41C4C50064C000 /* Lato Bold */,
				BF7DA6951E41C4C50064C000 /* Lato Bold Italic */,
				BF7DA6971E41C4C50064C000 /* Lato Hairline */,
				BF7DA6991E41C4C50064C000 /* Lato Hairline Italic */,
				BF7DA69B1E41C4C50064C000 /* Lato Heavy */,
				BF7DA69D1E41C4C50064C000 /* Lato Heavy Italic */,
				BF7DA69F1E41C4C50064C000 /* Lato Italic */,
				BF7DA6A11E41C4C50064C000 /* Lato Light */,
				BF7DA6A31E41C4C50064C000 /* Lato Light Italic */,
				BF7DA6A51E41C4C50064C000 /* Lato Medium */,
				BF7DA6A71E41C4C50064C000 /* Lato Medium Italic */,
				BF7DA6A91E41C4C50064C000 /* Lato Regular */,
				BF7DA6AB1E41C4C50064C000 /* Lato Semibold */,
				BF7DA6AD1E41C4C50064C000 /* Lato Semibold Italic */,
				BF7DA6AF1E41C4C50064C000 /* Lato Thin */,
				BF7DA6B11E41C4C50064C000 /* Lato Thin Italic */,
			);
			name = Lato;
			sourceTree = "<group>";
		};
		BF7DA68F1E41C4C50064C000 /* Lato Black */ = {
			isa = PBXGroup;
			children = (
				BF7DA6901E41C4C50064C000 /* Lato-Black.ttf */,
			);
			path = "Lato Black";
			sourceTree = "<group>";
		};
		BF7DA6911E41C4C50064C000 /* Lato Black Italic */ = {
			isa = PBXGroup;
			children = (
				BF7DA6921E41C4C50064C000 /* Lato-BlackItalic.ttf */,
			);
			path = "Lato Black Italic";
			sourceTree = "<group>";
		};
		BF7DA6931E41C4C50064C000 /* Lato Bold */ = {
			isa = PBXGroup;
			children = (
				BF7DA6941E41C4C50064C000 /* Lato-Bold.ttf */,
			);
			path = "Lato Bold";
			sourceTree = "<group>";
		};
		BF7DA6951E41C4C50064C000 /* Lato Bold Italic */ = {
			isa = PBXGroup;
			children = (
				BF7DA6961E41C4C50064C000 /* Lato-BoldItalic.ttf */,
			);
			path = "Lato Bold Italic";
			sourceTree = "<group>";
		};
		BF7DA6971E41C4C50064C000 /* Lato Hairline */ = {
			isa = PBXGroup;
			children = (
				BF7DA6981E41C4C50064C000 /* Lato-Hairline.ttf */,
			);
			path = "Lato Hairline";
			sourceTree = "<group>";
		};
		BF7DA6991E41C4C50064C000 /* Lato Hairline Italic */ = {
			isa = PBXGroup;
			children = (
				BF7DA69A1E41C4C50064C000 /* Lato-HairlineItalic.ttf */,
			);
			path = "Lato Hairline Italic";
			sourceTree = "<group>";
		};
		BF7DA69B1E41C4C50064C000 /* Lato Heavy */ = {
			isa = PBXGroup;
			children = (
				BF7DA69C1E41C4C50064C000 /* Lato-Heavy.ttf */,
			);
			path = "Lato Heavy";
			sourceTree = "<group>";
		};
		BF7DA69D1E41C4C50064C000 /* Lato Heavy Italic */ = {
			isa = PBXGroup;
			children = (
				BF7DA69E1E41C4C50064C000 /* Lato-HeavyItalic.ttf */,
			);
			path = "Lato Heavy Italic";
			sourceTree = "<group>";
		};
		BF7DA69F1E41C4C50064C000 /* Lato Italic */ = {
			isa = PBXGroup;
			children = (
				BF7DA6A01E41C4C50064C000 /* Lato-Italic.ttf */,
			);
			path = "Lato Italic";
			sourceTree = "<group>";
		};
		BF7DA6A11E41C4C50064C000 /* Lato Light */ = {
			isa = PBXGroup;
			children = (
				BF7DA6A21E41C4C50064C000 /* Lato-Light.ttf */,
			);
			path = "Lato Light";
			sourceTree = "<group>";
		};
		BF7DA6A31E41C4C50064C000 /* Lato Light Italic */ = {
			isa = PBXGroup;
			children = (
				BF7DA6A41E41C4C50064C000 /* Lato-LightItalic.ttf */,
			);
			path = "Lato Light Italic";
			sourceTree = "<group>";
		};
		BF7DA6A51E41C4C50064C000 /* Lato Medium */ = {
			isa = PBXGroup;
			children = (
				BF7DA6A61E41C4C50064C000 /* Lato-Medium.ttf */,
			);
			path = "Lato Medium";
			sourceTree = "<group>";
		};
		BF7DA6A71E41C4C50064C000 /* Lato Medium Italic */ = {
			isa = PBXGroup;
			children = (
				BF7DA6A81E41C4C50064C000 /* Lato-MediumItalic.ttf */,
			);
			path = "Lato Medium Italic";
			sourceTree = "<group>";
		};
		BF7DA6A91E41C4C50064C000 /* Lato Regular */ = {
			isa = PBXGroup;
			children = (
				BF7DA6AA1E41C4C50064C000 /* Lato-Regular.ttf */,
			);
			path = "Lato Regular";
			sourceTree = "<group>";
		};
		BF7DA6AB1E41C4C50064C000 /* Lato Semibold */ = {
			isa = PBXGroup;
			children = (
				BF7DA6AC1E41C4C50064C000 /* Lato-Semibold.ttf */,
			);
			path = "Lato Semibold";
			sourceTree = "<group>";
		};
		BF7DA6AD1E41C4C50064C000 /* Lato Semibold Italic */ = {
			isa = PBXGroup;
			children = (
				BF7DA6AE1E41C4C50064C000 /* Lato-SemiboldItalic.ttf */,
			);
			path = "Lato Semibold Italic";
			sourceTree = "<group>";
		};
		BF7DA6AF1E41C4C50064C000 /* Lato Thin */ = {
			isa = PBXGroup;
			children = (
				BF7DA6B01E41C4C50064C000 /* Lato-Thin.ttf */,
			);
			path = "Lato Thin";
			sourceTree = "<group>";
		};
		BF7DA6B11E41C4C50064C000 /* Lato Thin Italic */ = {
			isa = PBXGroup;
			children = (
				BF7DA6B21E41C4C50064C000 /* Lato-ThinItalic.ttf */,
			);
			path = "Lato Thin Italic";
			sourceTree = "<group>";
		};
		BF7DA6CB1E41FE300064C000 /* Controller+Datasource */ = {
			isa = PBXGroup;
			children = (
				6941264A1E72DF77005312DE /* ProductView */,
				BF130FB61E580B4A00461C6D /* Register */,
				BF130FB81E580B7800461C6D /* Home */,
				BF130FB51E580B4100461C6D /* Submit Product */,
				BF130FB71E580B5400461C6D /* Submit - Category */,
				BF130FBB1E58103F00461C6D /* Submit - Item */,
				BF130FBE1E58108200461C6D /* Submit - Delivery */,
				BF130FBF1E58185600461C6D /* BaseViewController.swift */,
				BFF296301E684CD100F0287F /* Account */,
				BFF2963F1E68659B00F0287F /* List Products */,
				BF6F5DEB1E735740005EBAD2 /* Feed */,
			);
			name = "Controller+Datasource";
			sourceTree = "<group>";
		};
		BF7DA6CC1E41FE4E0064C000 /* Supporting Files */ = {
			isa = PBXGroup;
			children = (
				BF7DA6721E41C0EC0064C000 /* AppDelegate.swift */,
				BF7DA67B1E41C0EC0064C000 /* LaunchScreen.storyboard */,
				BFD17B3D1E438D7900372B5E /* GoogleService-Info.plist */,
				BF7DA67E1E41C0EC0064C000 /* Info.plist */,
			);
			name = "Supporting Files";
			sourceTree = "<group>";
		};
		BF7DA6CD1E41FE700064C000 /* Cell */ = {
			isa = PBXGroup;
			children = (
				BF304B351E575B3A0069E36D /* CategoryTableCell */,
				BFF2961E1E66F55A00F0287F /* Home */,
				BF3938EC1E6D54EF0075B2A5 /* Product */,
				BF3938E41E6C17990075B2A5 /* DemoCell.swift */,
				BF3938E51E6C17990075B2A5 /* DemoCell.xib */,
				BF3938EA1E6D14B50075B2A5 /* BaseCellWithShadow.swift */,
				BF6F5DE11E7318F5005EBAD2 /* Feed */,
				BF6F5DE81E7322F6005EBAD2 /* Account */,
			);
			name = Cell;
			sourceTree = "<group>";
		};
		BFA346D91E5D715300DD186E /* View */ = {
			isa = PBXGroup;
			children = (
				BFA346D71E5D714F00DD186E /* SubmitProductImageView.swift */,
			);
			name = View;
			sourceTree = "<group>";
		};
		BFF295EA1E66685700F0287F /* Core Graphic */ = {
			isa = PBXGroup;
			children = (
				BFF295E61E66682900F0287F /* CGSize.swift */,
				BFF295E81E66683700F0287F /* CGPoint.swift */,
			);
			name = "Core Graphic";
			sourceTree = "<group>";
		};
		BFF295EB1E66686F00F0287F /* UI Kit */ = {
			isa = PBXGroup;
			children = (
				BF7DA6C51E41C71D0064C000 /* UIView.swift */,
				BF7DA6D01E42164C0064C000 /* UITextField.swift */,
				BF304B0D1E56BF910069E36D /* UINavigationBar.swift */,
				BF776B181E65B3CF005D64FE /* UITableView.swift */,
				BF776B1C1E65B857005D64FE /* UICollectionView.swift */,
			);
			name = "UI Kit";
			sourceTree = "<group>";
		};
		BFF295EE1E66738300F0287F /* Custom View */ = {
			isa = PBXGroup;
			children = (
				BFA346DA1E5D78A700DD186E /* CustomNavigationController.swift */,
				BF7DA6C71E41CDFA0064C000 /* CustomTextField.swift */,
				BF86D5B61E4B091C00C4F492 /* CategoryDetailCollectionView.swift */,
				BFF295EC1E66737900F0287F /* HighlightCollectionView.swift */,
				BF776B221E65D0A1005D64FE /* HighlightLayout.swift */,
			);
			name = "Custom View";
			sourceTree = "<group>";
		};
		BFF2961E1E66F55A00F0287F /* Home */ = {
			isa = PBXGroup;
			children = (
				BFF296231E66F68600F0287F /* Highlight */,
				BFF2961F1E66F60400F0287F /* HomeCategoryCell.swift */,
				BFF296201E66F60400F0287F /* HomeCategoryCell.xib */,
				BFF296261E66F78A00F0287F /* SectionLabelCell.swift */,
				BFF296271E66F78A00F0287F /* SectionLabelCell.xib */,
			);
			name = Home;
			sourceTree = "<group>";
		};
		BFF296231E66F68600F0287F /* Highlight */ = {
			isa = PBXGroup;
			children = (
				BF776B1E1E65C97B005D64FE /* HighlightCollectionViewCell.swift */,
				BF776B1F1E65C97B005D64FE /* HighlightCollectionViewCell.xib */,
				BFF295F01E6676D500F0287F /* HightlightPhotoCell.xib */,
				BFF295EF1E6676D500F0287F /* HightlightPhotoCell.swift */,
			);
			name = Highlight;
			sourceTree = "<group>";
		};
		BFF296301E684CD100F0287F /* Account */ = {
			isa = PBXGroup;
			children = (
				BFF2962E1E684CCA00F0287F /* AccountViewController.swift */,
				BFF296311E684CE200F0287F /* AccountDataSource.swift */,
				BFF296391E685A4700F0287F /* AccountController+Handler.swift */,
				BF6F5DE21E732172005EBAD2 /* AccountCategoryDataSource.swift */,
			);
			name = Account;
			sourceTree = "<group>";
		};
		BFF2963F1E68659B00F0287F /* List Products */ = {
			isa = PBXGroup;
			children = (
				BFF2963D1E68658D00F0287F /* ListProductsViewController.swift */,
				BFF296401E6865BA00F0287F /* ListProductsDataSource.swift */,
				BF3938E81E6D0FD60075B2A5 /* ListProductsDelegate+Handler.swift */,
			);
			name = "List Products";
			sourceTree = "<group>";
		};
		CF35C2AB2641ADBDC3A9D56A /* Pods */ = {
			isa = PBXGroup;
			children = (
				E6094982A5B40682093CE388 /* Pods-Crafty.debug.xcconfig */,
				55931AD3D250B89004A8E50B /* Pods-Crafty.release.xcconfig */,
			);
			name = Pods;
			sourceTree = "<group>";
		};
/* End PBXGroup section */

/* Begin PBXNativeTarget section */
		BF7DA66E1E41C0EB0064C000 /* Crafty */ = {
			isa = PBXNativeTarget;
			buildConfigurationList = BF7DA6811E41C0EC0064C000 /* Build configuration list for PBXNativeTarget "Crafty" */;
			buildPhases = (
				8A43FBCA1AC50AFA5C1BA7F7 /* [CP] Check Pods Manifest.lock */,
				BF7DA66B1E41C0EB0064C000 /* Sources */,
				BF7DA66C1E41C0EB0064C000 /* Frameworks */,
				BF7DA66D1E41C0EB0064C000 /* Resources */,
				F51DBA587335542E95A74471 /* [CP] Embed Pods Frameworks */,
				CA82638B3D5C45A885B049A8 /* [CP] Copy Pods Resources */,
			);
			buildRules = (
			);
			dependencies = (
			);
			name = Crafty;
			productName = Crafty;
			productReference = BF7DA66F1E41C0EC0064C000 /* Crafty.app */;
			productType = "com.apple.product-type.application";
		};
/* End PBXNativeTarget section */

/* Begin PBXProject section */
		BF7DA6671E41C0EB0064C000 /* Project object */ = {
			isa = PBXProject;
			attributes = {
				LastSwiftUpdateCheck = 0820;
				LastUpgradeCheck = 0820;
				ORGANIZATIONNAME = "Jimmy Hoang";
				TargetAttributes = {
					BF7DA66E1E41C0EB0064C000 = {
						CreatedOnToolsVersion = 8.2.1;
						DevelopmentTeam = GDY7XCAX4D;
						ProvisioningStyle = Automatic;
					};
				};
			};
			buildConfigurationList = BF7DA66A1E41C0EB0064C000 /* Build configuration list for PBXProject "Crafty" */;
			compatibilityVersion = "Xcode 3.2";
			developmentRegion = English;
			hasScannedForEncodings = 0;
			knownRegions = (
				en,
				Base,
			);
			mainGroup = BF7DA6661E41C0EB0064C000;
			productRefGroup = BF7DA6701E41C0EC0064C000 /* Products */;
			projectDirPath = "";
			projectRoot = "";
			targets = (
				BF7DA66E1E41C0EB0064C000 /* Crafty */,
			);
		};
/* End PBXProject section */

/* Begin PBXResourcesBuildPhase section */
		BF7DA66D1E41C0EB0064C000 /* Resources */ = {
			isa = PBXResourcesBuildPhase;
			buildActionMask = 2147483647;
			files = (
				BFF2962D1E67D11700F0287F /* ProductCell.xib in Resources */,
				BF7DA6B51E41C4C50064C000 /* Lato-Bold.ttf in Resources */,
				BF304B121E5720CA0069E36D /* CategoryTableViewCell.xib in Resources */,
				BF6F5DE01E7318F0005EBAD2 /* FeedCell.xib in Resources */,
				BF7DA6BD1E41C4C50064C000 /* Lato-LightItalic.ttf in Resources */,
				BF6F5DE71E7322DF005EBAD2 /* AccountCategoryCell.xib in Resources */,
				BF7E1BF11E4E0E4800390BF3 /* bach.storyboard in Resources */,
				BF304B391E575B550069E36D /* ItemTableViewCell.xib in Resources */,
				BF7DA67D1E41C0EC0064C000 /* LaunchScreen.storyboard in Resources */,
				BFF295F21E6676D500F0287F /* HightlightPhotoCell.xib in Resources */,
				BF7DA6BB1E41C4C50064C000 /* Lato-Italic.ttf in Resources */,
				BF7DA6B81E41C4C50064C000 /* Lato-HairlineItalic.ttf in Resources */,
				BF3938E71E6C17990075B2A5 /* DemoCell.xib in Resources */,
				BF86D5BD1E4B0AD700C4F492 /* CategoryDetailCell.xib in Resources */,
				BF7DA6C21E41C4C50064C000 /* Lato-SemiboldItalic.ttf in Resources */,
				BF7DA67A1E41C0EC0064C000 /* Assets.xcassets in Resources */,
				BF7DA6C41E41C4C50064C000 /* Lato-ThinItalic.ttf in Resources */,
				BF776B211E65C97B005D64FE /* HighlightCollectionViewCell.xib in Resources */,
				BFEFB4841E64821700A28CC1 /* PinJump.json in Resources */,
				BF7DA6BF1E41C4C50064C000 /* Lato-MediumItalic.ttf in Resources */,
				BF7DA6BA1E41C4C50064C000 /* Lato-HeavyItalic.ttf in Resources */,
				BF304B411E576F500069E36D /* DeliveryTableViewCell.xib in Resources */,
				BF7DA6B61E41C4C50064C000 /* Lato-BoldItalic.ttf in Resources */,
				BF7DA6B41E41C4C50064C000 /* Lato-BlackItalic.ttf in Resources */,
				BF7DA6BE1E41C4C50064C000 /* Lato-Medium.ttf in Resources */,
				BFD17B3E1E438D7900372B5E /* GoogleService-Info.plist in Resources */,
				BF7DA6B71E41C4C50064C000 /* Lato-Hairline.ttf in Resources */,
				BF7DA68B1E41C47C0064C000 /* Brusher.ttf in Resources */,
				BF776B0D1E654D9B005D64FE /* LocationTableViewCell.xib in Resources */,
				BF304B3D1E575CD00069E36D /* PriceTableViewCell.xib in Resources */,
				BF7DA6C01E41C4C50064C000 /* Lato-Regular.ttf in Resources */,
				BF86D5B51E4B041500C4F492 /* CategoryContainerCell.xib in Resources */,
				BF7DA6B31E41C4C50064C000 /* Lato-Black.ttf in Resources */,
				BF7DA6C31E41C4C50064C000 /* Lato-Thin.ttf in Resources */,
				BF9CDDAE1E4D82EC006B2392 /* forward.json in Resources */,
				BFF296221E66F60400F0287F /* HomeCategoryCell.xib in Resources */,
				BF7DA6781E41C0EC0064C000 /* Main.storyboard in Resources */,
				BF7DA6B91E41C4C50064C000 /* Lato-Heavy.ttf in Resources */,
				BFF296291E66F78A00F0287F /* SectionLabelCell.xib in Resources */,
				BF7DA6BC1E41C4C50064C000 /* Lato-Light.ttf in Resources */,
				BF7E1BEF1E4E0A3600390BF3 /* data10.json in Resources */,
				BF7DA6C11E41C4C50064C000 /* Lato-Semibold.ttf in Resources */,
			);
			runOnlyForDeploymentPostprocessing = 0;
		};
/* End PBXResourcesBuildPhase section */

/* Begin PBXShellScriptBuildPhase section */
		8A43FBCA1AC50AFA5C1BA7F7 /* [CP] Check Pods Manifest.lock */ = {
			isa = PBXShellScriptBuildPhase;
			buildActionMask = 2147483647;
			files = (
			);
			inputPaths = (
			);
			name = "[CP] Check Pods Manifest.lock";
			outputPaths = (
			);
			runOnlyForDeploymentPostprocessing = 0;
			shellPath = /bin/sh;
			shellScript = "diff \"${PODS_ROOT}/../Podfile.lock\" \"${PODS_ROOT}/Manifest.lock\" > /dev/null\nif [ $? != 0 ] ; then\n    # print error to STDERR\n    echo \"error: The sandbox is not in sync with the Podfile.lock. Run 'pod install' or update your CocoaPods installation.\" >&2\n    exit 1\nfi\n";
			showEnvVarsInLog = 0;
		};
		CA82638B3D5C45A885B049A8 /* [CP] Copy Pods Resources */ = {
			isa = PBXShellScriptBuildPhase;
			buildActionMask = 2147483647;
			files = (
			);
			inputPaths = (
			);
			name = "[CP] Copy Pods Resources";
			outputPaths = (
			);
			runOnlyForDeploymentPostprocessing = 0;
			shellPath = /bin/sh;
			shellScript = "\"${SRCROOT}/Pods/Target Support Files/Pods-Crafty/Pods-Crafty-resources.sh\"\n";
			showEnvVarsInLog = 0;
		};
		F51DBA587335542E95A74471 /* [CP] Embed Pods Frameworks */ = {
			isa = PBXShellScriptBuildPhase;
			buildActionMask = 2147483647;
			files = (
			);
			inputPaths = (
			);
			name = "[CP] Embed Pods Frameworks";
			outputPaths = (
			);
			runOnlyForDeploymentPostprocessing = 0;
			shellPath = /bin/sh;
			shellScript = "\"${SRCROOT}/Pods/Target Support Files/Pods-Crafty/Pods-Crafty-frameworks.sh\"\n";
			showEnvVarsInLog = 0;
		};
/* End PBXShellScriptBuildPhase section */

/* Begin PBXSourcesBuildPhase section */
		BF7DA66B1E41C0EB0064C000 /* Sources */ = {
			isa = PBXSourcesBuildPhase;
			buildActionMask = 2147483647;
			files = (
				BFD14E201E4777A40063136E /* SubmitProductDataSource.swift in Sources */,
				BF9E288C1E484F0F00A23E55 /* Constant.swift in Sources */,
				BFF2961D1E66ED2000F0287F /* LastUpdatedViewController.swift in Sources */,
				BFEFB4861E648EEE00A28CC1 /* DeliveryDataSource.swift in Sources */,
				BF130FBA1E58103600461C6D /* ItemViewController.swift in Sources */,
				BF9E288E1E4855F600A23E55 /* CategoryViewController.swift in Sources */,
				694126501E72DF8C005312DE /* ProductViewTableViewCell.swift in Sources */,
				BF3938E61E6C17990075B2A5 /* DemoCell.swift in Sources */,
				BF776B231E65D0A1005D64FE /* HighlightLayout.swift in Sources */,
				BF130FC01E58185600461C6D /* BaseViewController.swift in Sources */,
				BFA346DB1E5D78A700DD186E /* CustomNavigationController.swift in Sources */,
				BF130FBD1E58107200461C6D /* DeliveryViewController.swift in Sources */,
				BF304B381E575B550069E36D /* ItemTableViewCell.swift in Sources */,
				BF3938E91E6D0FD60075B2A5 /* ListProductsDelegate+Handler.swift in Sources */,
				BFA346DD1E5D7BA600DD186E /* FirebaseManager.swift in Sources */,
				BFF295F11E6676D500F0287F /* HightlightPhotoCell.swift in Sources */,
				6941264F1E72DF8C005312DE /* ProductViewHeader.swift in Sources */,
				BFF296211E66F60400F0287F /* HomeCategoryCell.swift in Sources */,
				BFF295E71E66682900F0287F /* CGSize.swift in Sources */,
				BF6F5DDC1E700D5C005EBAD2 /* HADropDown.swift in Sources */,
				BF304B401E576F500069E36D /* DeliveryTableViewCell.swift in Sources */,
				BF3938EB1E6D14B50075B2A5 /* BaseCellWithShadow.swift in Sources */,
				BF6F5DEA1E735632005EBAD2 /* FeedViewController.swift in Sources */,
				BF6F5DE31E732172005EBAD2 /* AccountCategoryDataSource.swift in Sources */,
				BF86D5B71E4B091C00C4F492 /* CategoryDetailCollectionView.swift in Sources */,
				BF86D5B41E4B041500C4F492 /* CategoryContainerCell.swift in Sources */,
				BF304B3C1E575CD00069E36D /* PriceTableViewCell.swift in Sources */,
				BF130FB31E58075100461C6D /* SubmitProductController+Handler.swift in Sources */,
				BF7DA6CF1E420BEE0064C000 /* RegisterViewController.swift in Sources */,
				BFF295E91E66683700F0287F /* CGPoint.swift in Sources */,
				BFF296411E6865BA00F0287F /* ListProductsDataSource.swift in Sources */,
				BF6F5DEF1E7358F4005EBAD2 /* FeedDelegate+Handler.swift in Sources */,
				BF6F5DF11E7365DE005EBAD2 /* String.swift in Sources */,
				BF6F5DDF1E7318F0005EBAD2 /* FeedCell.swift in Sources */,
				BF2AC7111E4497A700F92281 /* Product.swift in Sources */,
				BF7DA6C61E41C71D0064C000 /* UIView.swift in Sources */,
				BF6F5DED1E73575A005EBAD2 /* FeedDataSource.swift in Sources */,
				BF6F5DE61E7322DF005EBAD2 /* AccountCategoryCell.swift in Sources */,
				BFDB2C561E4393730098A0AE /* RegisterController+Handler.swift in Sources */,
				BFF296191E66E4F100F0287F /* PagingViewController.swift in Sources */,
				BF9E28901E48574F00A23E55 /* CategoryDataSource.swift in Sources */,
				BF2AC70E1E44978D00F92281 /* SubmitProductViewController.swift in Sources */,
				BFF2963C1E68650D00F0287F /* HomeDelegate+Handler.swift in Sources */,
				6941264E1E72DF8C005312DE /* ProductViewController.swift in Sources */,
				BFA346D81E5D714F00DD186E /* SubmitProductImageView.swift in Sources */,
				BF776B191E65B3CF005D64FE /* NibLoadableView.swift in Sources */,
				BFF2962F1E684CCA00F0287F /* AccountViewController.swift in Sources */,
				BFD14E181E472A960063136E /* HomeViewController.swift in Sources */,
				BF776B1A1E65B3CF005D64FE /* ReusableView.swift in Sources */,
				BF7DA6731E41C0EC0064C000 /* AppDelegate.swift in Sources */,
				BFF2961B1E66ECDD00F0287F /* RecommendationViewController.swift in Sources */,
				BFF295ED1E66737900F0287F /* HighlightCollectionView.swift in Sources */,
				BFF2963A1E685A4700F0287F /* AccountController+Handler.swift in Sources */,
				BF304B0E1E56BF910069E36D /* UINavigationBar.swift in Sources */,
				BF304B111E5720CA0069E36D /* CategoryTableViewCell.swift in Sources */,
				BFF296281E66F78A00F0287F /* SectionLabelCell.swift in Sources */,
				BF776B1B1E65B3CF005D64FE /* UITableView.swift in Sources */,
				BF776B1D1E65B857005D64FE /* UICollectionView.swift in Sources */,
				BF86D5BC1E4B0AD700C4F492 /* CategoryDetailCell.swift in Sources */,
				BF7DA6C81E41CDFA0064C000 /* CustomTextField.swift in Sources */,
				BFF295F41E66781D00F0287F /* HomeDatasource.swift in Sources */,
				BF776B0C1E654D9B005D64FE /* LocationTableViewCell.swift in Sources */,
				BF776B201E65C97B005D64FE /* HighlightCollectionViewCell.swift in Sources */,
				BFF2962C1E67D11700F0287F /* ProductCell.swift in Sources */,
				BFF296381E6853DA00F0287F /* LocationManager.swift in Sources */,
				BF7DA6D11E42164C0064C000 /* UITextField.swift in Sources */,
				BF6F5DD91E6FFC94005EBAD2 /* SetupNavBar.swift in Sources */,
				BFF296321E684CE200F0287F /* AccountDataSource.swift in Sources */,
				BFF2963E1E68658D00F0287F /* ListProductsViewController.swift in Sources */,
				BFDB2C581E4398AB0098A0AE /* User.swift in Sources */,
			);
			runOnlyForDeploymentPostprocessing = 0;
		};
/* End PBXSourcesBuildPhase section */

/* Begin PBXVariantGroup section */
		BF7DA6761E41C0EC0064C000 /* Main.storyboard */ = {
			isa = PBXVariantGroup;
			children = (
				BF7DA6771E41C0EC0064C000 /* Base */,
			);
			name = Main.storyboard;
			sourceTree = "<group>";
		};
		BF7DA67B1E41C0EC0064C000 /* LaunchScreen.storyboard */ = {
			isa = PBXVariantGroup;
			children = (
				BF7DA67C1E41C0EC0064C000 /* Base */,
			);
			name = LaunchScreen.storyboard;
			sourceTree = "<group>";
		};
/* End PBXVariantGroup section */

/* Begin XCBuildConfiguration section */
		BF7DA67F1E41C0EC0064C000 /* Debug */ = {
			isa = XCBuildConfiguration;
			buildSettings = {
				ALWAYS_SEARCH_USER_PATHS = NO;
				CLANG_ANALYZER_NONNULL = YES;
				CLANG_CXX_LANGUAGE_STANDARD = "gnu++0x";
				CLANG_CXX_LIBRARY = "libc++";
				CLANG_ENABLE_MODULES = YES;
				CLANG_ENABLE_OBJC_ARC = YES;
				CLANG_WARN_BOOL_CONVERSION = YES;
				CLANG_WARN_CONSTANT_CONVERSION = YES;
				CLANG_WARN_DIRECT_OBJC_ISA_USAGE = YES_ERROR;
				CLANG_WARN_DOCUMENTATION_COMMENTS = YES;
				CLANG_WARN_EMPTY_BODY = YES;
				CLANG_WARN_ENUM_CONVERSION = YES;
				CLANG_WARN_INFINITE_RECURSION = YES;
				CLANG_WARN_INT_CONVERSION = YES;
				CLANG_WARN_OBJC_ROOT_CLASS = YES_ERROR;
				CLANG_WARN_SUSPICIOUS_MOVE = YES;
				CLANG_WARN_UNREACHABLE_CODE = YES;
				CLANG_WARN__DUPLICATE_METHOD_MATCH = YES;
				"CODE_SIGN_IDENTITY[sdk=iphoneos*]" = "iPhone Developer";
				COPY_PHASE_STRIP = NO;
				DEBUG_INFORMATION_FORMAT = dwarf;
				ENABLE_STRICT_OBJC_MSGSEND = YES;
				ENABLE_TESTABILITY = YES;
				GCC_C_LANGUAGE_STANDARD = gnu99;
				GCC_DYNAMIC_NO_PIC = NO;
				GCC_NO_COMMON_BLOCKS = YES;
				GCC_OPTIMIZATION_LEVEL = 0;
				GCC_PREPROCESSOR_DEFINITIONS = (
					"DEBUG=1",
					"$(inherited)",
				);
				GCC_WARN_64_TO_32_BIT_CONVERSION = YES;
				GCC_WARN_ABOUT_RETURN_TYPE = YES_ERROR;
				GCC_WARN_UNDECLARED_SELECTOR = YES;
				GCC_WARN_UNINITIALIZED_AUTOS = YES_AGGRESSIVE;
				GCC_WARN_UNUSED_FUNCTION = YES;
				GCC_WARN_UNUSED_VARIABLE = YES;
				IPHONEOS_DEPLOYMENT_TARGET = 10.2;
				MTL_ENABLE_DEBUG_INFO = YES;
				ONLY_ACTIVE_ARCH = YES;
				SDKROOT = iphoneos;
				SWIFT_ACTIVE_COMPILATION_CONDITIONS = DEBUG;
				SWIFT_OPTIMIZATION_LEVEL = "-Onone";
				TARGETED_DEVICE_FAMILY = "1,2";
			};
			name = Debug;
		};
		BF7DA6801E41C0EC0064C000 /* Release */ = {
			isa = XCBuildConfiguration;
			buildSettings = {
				ALWAYS_SEARCH_USER_PATHS = NO;
				CLANG_ANALYZER_NONNULL = YES;
				CLANG_CXX_LANGUAGE_STANDARD = "gnu++0x";
				CLANG_CXX_LIBRARY = "libc++";
				CLANG_ENABLE_MODULES = YES;
				CLANG_ENABLE_OBJC_ARC = YES;
				CLANG_WARN_BOOL_CONVERSION = YES;
				CLANG_WARN_CONSTANT_CONVERSION = YES;
				CLANG_WARN_DIRECT_OBJC_ISA_USAGE = YES_ERROR;
				CLANG_WARN_DOCUMENTATION_COMMENTS = YES;
				CLANG_WARN_EMPTY_BODY = YES;
				CLANG_WARN_ENUM_CONVERSION = YES;
				CLANG_WARN_INFINITE_RECURSION = YES;
				CLANG_WARN_INT_CONVERSION = YES;
				CLANG_WARN_OBJC_ROOT_CLASS = YES_ERROR;
				CLANG_WARN_SUSPICIOUS_MOVE = YES;
				CLANG_WARN_UNREACHABLE_CODE = YES;
				CLANG_WARN__DUPLICATE_METHOD_MATCH = YES;
				"CODE_SIGN_IDENTITY[sdk=iphoneos*]" = "iPhone Developer";
				COPY_PHASE_STRIP = NO;
				DEBUG_INFORMATION_FORMAT = "dwarf-with-dsym";
				ENABLE_NS_ASSERTIONS = NO;
				ENABLE_STRICT_OBJC_MSGSEND = YES;
				GCC_C_LANGUAGE_STANDARD = gnu99;
				GCC_NO_COMMON_BLOCKS = YES;
				GCC_WARN_64_TO_32_BIT_CONVERSION = YES;
				GCC_WARN_ABOUT_RETURN_TYPE = YES_ERROR;
				GCC_WARN_UNDECLARED_SELECTOR = YES;
				GCC_WARN_UNINITIALIZED_AUTOS = YES_AGGRESSIVE;
				GCC_WARN_UNUSED_FUNCTION = YES;
				GCC_WARN_UNUSED_VARIABLE = YES;
				IPHONEOS_DEPLOYMENT_TARGET = 10.2;
				MTL_ENABLE_DEBUG_INFO = NO;
				SDKROOT = iphoneos;
				SWIFT_OPTIMIZATION_LEVEL = "-Owholemodule";
				TARGETED_DEVICE_FAMILY = "1,2";
				VALIDATE_PRODUCT = YES;
			};
			name = Release;
		};
		BF7DA6821E41C0EC0064C000 /* Debug */ = {
			isa = XCBuildConfiguration;
			baseConfigurationReference = E6094982A5B40682093CE388 /* Pods-Crafty.debug.xcconfig */;
			buildSettings = {
				ASSETCATALOG_COMPILER_APPICON_NAME = AppIcon;
				DEVELOPMENT_TEAM = GDY7XCAX4D;
				INFOPLIST_FILE = Crafty/Info.plist;
				IPHONEOS_DEPLOYMENT_TARGET = 10.1;
				LD_RUNPATH_SEARCH_PATHS = "$(inherited) @executable_path/Frameworks";
				PRODUCT_BUNDLE_IDENTIFIER = jimmy.Crafty;
				PRODUCT_NAME = "$(TARGET_NAME)";
				SWIFT_VERSION = 3.0;
			};
			name = Debug;
		};
		BF7DA6831E41C0EC0064C000 /* Release */ = {
			isa = XCBuildConfiguration;
			baseConfigurationReference = 55931AD3D250B89004A8E50B /* Pods-Crafty.release.xcconfig */;
			buildSettings = {
				ASSETCATALOG_COMPILER_APPICON_NAME = AppIcon;
				DEVELOPMENT_TEAM = GDY7XCAX4D;
				INFOPLIST_FILE = Crafty/Info.plist;
				IPHONEOS_DEPLOYMENT_TARGET = 10.1;
				LD_RUNPATH_SEARCH_PATHS = "$(inherited) @executable_path/Frameworks";
				PRODUCT_BUNDLE_IDENTIFIER = jimmy.Crafty;
				PRODUCT_NAME = "$(TARGET_NAME)";
				SWIFT_VERSION = 3.0;
			};
			name = Release;
		};
/* End XCBuildConfiguration section */

/* Begin XCConfigurationList section */
		BF7DA66A1E41C0EB0064C000 /* Build configuration list for PBXProject "Crafty" */ = {
			isa = XCConfigurationList;
			buildConfigurations = (
				BF7DA67F1E41C0EC0064C000 /* Debug */,
				BF7DA6801E41C0EC0064C000 /* Release */,
			);
			defaultConfigurationIsVisible = 0;
			defaultConfigurationName = Release;
		};
		BF7DA6811E41C0EC0064C000 /* Build configuration list for PBXNativeTarget "Crafty" */ = {
			isa = XCConfigurationList;
			buildConfigurations = (
				BF7DA6821E41C0EC0064C000 /* Debug */,
				BF7DA6831E41C0EC0064C000 /* Release */,
			);
			defaultConfigurationIsVisible = 0;
			defaultConfigurationName = Release;
		};
/* End XCConfigurationList section */
	};
	rootObject = BF7DA6671E41C0EB0064C000 /* Project object */;
}
